
Microsoft Visual Studio Solution File, Format Version 12.00
# Visual Studio Version 16
VisualStudioVersion = 16.0.29709.97
MinimumVisualStudioVersion = 10.0.40219.1
Project("{FAE04EC0-301F-11D3-BF4B-00C04F79EFBC}") = "AIO.IDOS3.Client.Mobile.Android.Simple", "AIO.IDOS3.Client.Mobile.Android\AIO.IDOS3.Client.Mobile.Android.Simple.csproj", "{7726F8FD-2FC0-4F36-9CBD-CB767DF64117}"
EndProject
Project("{2150E333-8FDC-42A3-9474-1A3956D46DE8}") = "wismapi_packages", "wismapi_packages", "{5B788D17-A703-4D2E-A51B-E2830CAC7089}"
EndProject
Project("{9A19103F-16F7-4668-BE54-9A1E7A4F7556}") = "Wismapi.Utilities", "..\wismapi_packages\Wismapi.Utilities\Wismapi.Utilities.csproj", "{C54F641C-1CC8-4510-94F1-4C12139C9C94}"
EndProject
Project("{9A19103F-16F7-4668-BE54-9A1E7A4F7556}") = "Wismapi.Xamarin.Utilities", "..\wismapi_packages\Wismapi.Xamarin.Utilities\Wismapi.Xamarin.Utilities.csproj", "{84FAF3AB-A22E-4043-9F87-2D7D14BB5400}"
EndProject
Project("{2150E333-8FDC-42A3-9474-1A3956D46DE8}") = "Shared", "Shared", "{9BB52821-FC4B-4C8F-BAB7-9F8F10FA18E3}"
EndProject
Project("{9A19103F-16F7-4668-BE54-9A1E7A4F7556}") = "AIO.IDOS3.Client.Mobile.Simple", "AIO.IDOS3.Client.Mobile\AIO.IDOS3.Client.Mobile.Simple.csproj", "{CBE70CAD-61F4-4360-9DD8-EB9666876E0B}"
EndProject
Project("{9A19103F-16F7-4668-BE54-9A1E7A4F7556}") = "AIO.IDOS3.Data", "..\Shared\AIO.IDOS3.Data\AIO.IDOS3.Data.csproj", "{6700046E-F58A-40CB-A1C4-BDB90929BDC7}"
EndProject
Project("{9A19103F-16F7-4668-BE54-9A1E7A4F7556}") = "AIO.IDOS3.Mobile.Data.SQLiteNet", "..\Shared\AIO.IDOS3.Mobile.Data.SQLiteNet\AIO.IDOS3.Mobile.Data.SQLiteNet.csproj", "{C8AF3AB3-0CDE-44C5-A259-0E1D503902AF}"
EndProject
Project("{9A19103F-16F7-4668-BE54-9A1E7A4F7556}") = "Wismapi.Data", "..\wismapi_packages\Wismapi.Data\Wismapi.Data.csproj", "{3079B757-3DC9-49C3-B644-254656282FB8}"
EndProject
Project("{9A19103F-16F7-4668-BE54-9A1E7A4F7556}") = "Wismapi.Data.SQLiteNet", "..\wismapi_packages\Wismapi.Data.SQLiteNet\Wismapi.Data.SQLiteNet.csproj", "{0A68F71E-814D-4FF5-B573-7CDDFB77A67F}"
EndProject
Global
	GlobalSection(SolutionConfigurationPlatforms) = preSolution
		Debug|Any CPU = Debug|Any CPU
		Release|Any CPU = Release|Any CPU
	EndGlobalSection
	GlobalSection(ProjectConfigurationPlatforms) = postSolution
		{7726F8FD-2FC0-4F36-9CBD-CB767DF64117}.Debug|Any CPU.ActiveCfg = Debug|Any CPU
		{7726F8FD-2FC0-4F36-9CBD-CB767DF64117}.Debug|Any CPU.Build.0 = Debug|Any CPU
		{7726F8FD-2FC0-4F36-9CBD-CB767DF64117}.Debug|Any CPU.Deploy.0 = Debug|Any CPU
		{7726F8FD-2FC0-4F36-9CBD-CB767DF64117}.Release|Any CPU.ActiveCfg = Release|Any CPU
		{7726F8FD-2FC0-4F36-9CBD-CB767DF64117}.Release|Any CPU.Build.0 = Release|Any CPU
		{7726F8FD-2FC0-4F36-9CBD-CB767DF64117}.Release|Any CPU.Deploy.0 = Release|Any CPU
		{C54F641C-1CC8-4510-94F1-4C12139C9C94}.Debug|Any CPU.ActiveCfg = Debug|Any CPU
		{C54F641C-1CC8-4510-94F1-4C12139C9C94}.Debug|Any CPU.Build.0 = Debug|Any CPU
		{C54F641C-1CC8-4510-94F1-4C12139C9C94}.Release|Any CPU.ActiveCfg = Release|Any CPU
		{C54F641C-1CC8-4510-94F1-4C12139C9C94}.Release|Any CPU.Build.0 = Release|Any CPU
		{84FAF3AB-A22E-4043-9F87-2D7D14BB5400}.Debug|Any CPU.ActiveCfg = Debug|Any CPU
		{84FAF3AB-A22E-4043-9F87-2D7D14BB5400}.Debug|Any CPU.Build.0 = Debug|Any CPU
		{84FAF3AB-A22E-4043-9F87-2D7D14BB5400}.Release|Any CPU.ActiveCfg = Release|Any CPU
		{84FAF3AB-A22E-4043-9F87-2D7D14BB5400}.Release|Any CPU.Build.0 = Release|Any CPU
		{CBE70CAD-61F4-4360-9DD8-EB9666876E0B}.Debug|Any CPU.ActiveCfg = Debug|Any CPU
		{CBE70CAD-61F4-4360-9DD8-EB9666876E0B}.Debug|Any CPU.Build.0 = Debug|Any CPU
		{CBE70CAD-61F4-4360-9DD8-EB9666876E0B}.Release|Any CPU.ActiveCfg = Release|Any CPU
		{CBE70CAD-61F4-4360-9DD8-EB9666876E0B}.Release|Any CPU.Build.0 = Release|Any CPU
		{6700046E-F58A-40CB-A1C4-BDB90929BDC7}.Debug|Any CPU.ActiveCfg = Debug|Any CPU
		{6700046E-F58A-40CB-A1C4-BDB90929BDC7}.Debug|Any CPU.Build.0 = Debug|Any CPU
		{6700046E-F58A-40CB-A1C4-BDB90929BDC7}.Release|Any CPU.ActiveCfg = Release|Any CPU
		{6700046E-F58A-40CB-A1C4-BDB90929BDC7}.Release|Any CPU.Build.0 = Release|Any CPU
		{C8AF3AB3-0CDE-44C5-A259-0E1D503902AF}.Debug|Any CPU.ActiveCfg = Debug|Any CPU
		{C8AF3AB3-0CDE-44C5-A259-0E1D503902AF}.Debug|Any CPU.Build.0 = Debug|Any CPU
		{C8AF3AB3-0CDE-44C5-A259-0E1D503902AF}.Release|Any CPU.ActiveCfg = Release|Any CPU
		{C8AF3AB3-0CDE-44C5-A259-0E1D503902AF}.Release|Any CPU.Build.0 = Release|Any CPU
		{3079B757-3DC9-49C3-B644-254656282FB8}.Debug|Any CPU.ActiveCfg = Debug|Any CPU
		{3079B757-3DC9-49C3-B644-254656282FB8}.Debug|Any CPU.Build.0 = Debug|Any CPU
		{3079B757-3DC9-49C3-B644-254656282FB8}.Release|Any CPU.ActiveCfg = Release|Any CPU
		{3079B757-3DC9-49C3-B644-254656282FB8}.Release|Any CPU.Build.0 = Release|Any CPU
		{0A68F71E-814D-4FF5-B573-7CDDFB77A67F}.Debug|Any CPU.ActiveCfg = Debug|Any CPU
		{0A68F71E-814D-4FF5-B573-7CDDFB77A67F}.Debug|Any CPU.Build.0 = Debug|Any CPU
		{0A68F71E-814D-4FF5-B573-7CDDFB77A67F}.Release|Any CPU.ActiveCfg = Release|Any CPU
		{0A68F71E-814D-4FF5-B573-7CDDFB77A67F}.Release|Any CPU.Build.0 = Release|Any CPU
	EndGlobalSection
	GlobalSection(SolutionProperties) = preSolution
		HideSolutionNode = FALSE
	EndGlobalSection
	GlobalSection(NestedProjects) = preSolution
		{C54F641C-1CC8-4510-94F1-4C12139C9C94} = {5B788D17-A703-4D2E-A51B-E2830CAC7089}
		{84FAF3AB-A22E-4043-9F87-2D7D14BB5400} = {5B788D17-A703-4D2E-A51B-E2830CAC7089}
		{6700046E-F58A-40CB-A1C4-BDB90929BDC7} = {9BB52821-FC4B-4C8F-BAB7-9F8F10FA18E3}
		{C8AF3AB3-0CDE-44C5-A259-0E1D503902AF} = {9BB52821-FC4B-4C8F-BAB7-9F8F10FA18E3}
		{3079B757-3DC9-49C3-B644-254656282FB8} = {5B788D17-A703-4D2E-A51B-E2830CAC7089}
		{0A68F71E-814D-4FF5-B573-7CDDFB77A67F} = {5B788D17-A703-4D2E-A51B-E2830CAC7089}
	EndGlobalSection
	GlobalSection(ExtensibilityGlobals) = postSolution
		SolutionGuid = {ACF7355C-DC18-4217-A5A6-5147E27E28E6}
	EndGlobalSection
EndGlobal
