
Microsoft Visual Studio Solution File, Format Version 12.00
# Visual Studio Version 16
VisualStudioVersion = 16.0.30225.117
MinimumVisualStudioVersion = 10.0.40219.1
Project("{9A19103F-16F7-4668-BE54-9A1E7A4F7556}") = "AIO.IDOS3.Web.Services", "AIO.IDOS3.Web.Services\AIO.IDOS3.Web.Services.csproj", "{24AC3780-735D-496D-A37E-1DDA3452BA67}"
EndProject
Project("{2150E333-8FDC-42A3-9474-1A3956D46DE8}") = "wismapi_packages", "wismapi_packages", "{D3029F00-8D95-40C1-92C1-3784FAC0CA85}"
EndProject
Project("{9A19103F-16F7-4668-BE54-9A1E7A4F7556}") = "Wismapi.Utilities", "..\wismapi_packages\Wismapi.Utilities\Wismapi.Utilities.csproj", "{5A96CBBE-45C3-49C2-BD36-2E0C1A05A585}"
EndProject
Project("{9A19103F-16F7-4668-BE54-9A1E7A4F7556}") = "Wismapi.Web", "..\wismapi_packages\Wismapi.Web\Wismapi.Web.csproj", "{EDCCF5A0-46B3-42F0-94E8-C0ECABC04019}"
EndProject
Project("{2150E333-8FDC-42A3-9474-1A3956D46DE8}") = "Shared", "Shared", "{6DB3E770-CD95-4763-899C-A6C8D2617B25}"
EndProject
Project("{9A19103F-16F7-4668-BE54-9A1E7A4F7556}") = "AIO.IDOS3.Client.Test", "AIO.IDOS3.Client.Test\AIO.IDOS3.Client.Test.csproj", "{E8267B79-B2CE-4634-A380-D51E7DD04F00}"
EndProject
Project("{9A19103F-16F7-4668-BE54-9A1E7A4F7556}") = "Wismapi.Data.Entity", "..\wismapi_packages\Wismapi.Data.Entity\Wismapi.Data.Entity.csproj", "{267B6D13-1452-45F0-8741-5479020F2712}"
EndProject
Project("{9A19103F-16F7-4668-BE54-9A1E7A4F7556}") = "AIO.IDOS3.Data.Entity", "..\Shared\AIO.IDOS3.Data.Entity\AIO.IDOS3.Data.Entity.csproj", "{213CBC14-EB94-4781-BA01-6C689B4F8B2B}"
EndProject
Project("{9A19103F-16F7-4668-BE54-9A1E7A4F7556}") = "AIO.IDOS3.Data", "..\Shared\AIO.IDOS3.Data\AIO.IDOS3.Data.csproj", "{D3BC4DCE-FF88-411A-9B23-951DDD2E649F}"
EndProject
Project("{9A19103F-16F7-4668-BE54-9A1E7A4F7556}") = "Wismapi.Data", "..\wismapi_packages\Wismapi.Data\Wismapi.Data.csproj", "{694A0C22-3710-46D9-B268-0DB0734AFD63}"
EndProject
Project("{9A19103F-16F7-4668-BE54-9A1E7A4F7556}") = "Wismapi.Data.SQLiteNet", "..\wismapi_packages\Wismapi.Data.SQLiteNet\Wismapi.Data.SQLiteNet.csproj", "{0831CF27-B672-4E0E-98F9-534C750E2D0C}"
EndProject
Project("{9A19103F-16F7-4668-BE54-9A1E7A4F7556}") = "AIO.IDOS3.Mobile.Data.SQLiteNet", "..\Shared\AIO.IDOS3.Mobile.Data.SQLiteNet\AIO.IDOS3.Mobile.Data.SQLiteNet.csproj", "{65479F6F-4C97-4F59-9577-B3917AC8B18D}"
EndProject
Global
	GlobalSection(SolutionConfigurationPlatforms) = preSolution
		Debug|Any CPU = Debug|Any CPU
		Debug|x64 = Debug|x64
		Release|Any CPU = Release|Any CPU
		Release|x64 = Release|x64
	EndGlobalSection
	GlobalSection(ProjectConfigurationPlatforms) = postSolution
		{24AC3780-735D-496D-A37E-1DDA3452BA67}.Debug|Any CPU.ActiveCfg = Debug|Any CPU
		{24AC3780-735D-496D-A37E-1DDA3452BA67}.Debug|Any CPU.Build.0 = Debug|Any CPU
		{24AC3780-735D-496D-A37E-1DDA3452BA67}.Debug|x64.ActiveCfg = Debug|Any CPU
		{24AC3780-735D-496D-A37E-1DDA3452BA67}.Debug|x64.Build.0 = Debug|Any CPU
		{24AC3780-735D-496D-A37E-1DDA3452BA67}.Release|Any CPU.ActiveCfg = Release|Any CPU
		{24AC3780-735D-496D-A37E-1DDA3452BA67}.Release|Any CPU.Build.0 = Release|Any CPU
		{24AC3780-735D-496D-A37E-1DDA3452BA67}.Release|x64.ActiveCfg = Release|Any CPU
		{24AC3780-735D-496D-A37E-1DDA3452BA67}.Release|x64.Build.0 = Release|Any CPU
		{5A96CBBE-45C3-49C2-BD36-2E0C1A05A585}.Debug|Any CPU.ActiveCfg = Debug|Any CPU
		{5A96CBBE-45C3-49C2-BD36-2E0C1A05A585}.Debug|Any CPU.Build.0 = Debug|Any CPU
		{5A96CBBE-45C3-49C2-BD36-2E0C1A05A585}.Debug|x64.ActiveCfg = Debug|Any CPU
		{5A96CBBE-45C3-49C2-BD36-2E0C1A05A585}.Debug|x64.Build.0 = Debug|Any CPU
		{5A96CBBE-45C3-49C2-BD36-2E0C1A05A585}.Release|Any CPU.ActiveCfg = Release|Any CPU
		{5A96CBBE-45C3-49C2-BD36-2E0C1A05A585}.Release|Any CPU.Build.0 = Release|Any CPU
		{5A96CBBE-45C3-49C2-BD36-2E0C1A05A585}.Release|x64.ActiveCfg = Release|Any CPU
		{5A96CBBE-45C3-49C2-BD36-2E0C1A05A585}.Release|x64.Build.0 = Release|Any CPU
		{EDCCF5A0-46B3-42F0-94E8-C0ECABC04019}.Debug|Any CPU.ActiveCfg = Debug|Any CPU
		{EDCCF5A0-46B3-42F0-94E8-C0ECABC04019}.Debug|Any CPU.Build.0 = Debug|Any CPU
		{EDCCF5A0-46B3-42F0-94E8-C0ECABC04019}.Debug|x64.ActiveCfg = Debug|Any CPU
		{EDCCF5A0-46B3-42F0-94E8-C0ECABC04019}.Debug|x64.Build.0 = Debug|Any CPU
		{EDCCF5A0-46B3-42F0-94E8-C0ECABC04019}.Release|Any CPU.ActiveCfg = Release|Any CPU
		{EDCCF5A0-46B3-42F0-94E8-C0ECABC04019}.Release|Any CPU.Build.0 = Release|Any CPU
		{EDCCF5A0-46B3-42F0-94E8-C0ECABC04019}.Release|x64.ActiveCfg = Release|Any CPU
		{EDCCF5A0-46B3-42F0-94E8-C0ECABC04019}.Release|x64.Build.0 = Release|Any CPU
		{E8267B79-B2CE-4634-A380-D51E7DD04F00}.Debug|Any CPU.ActiveCfg = Debug|Any CPU
		{E8267B79-B2CE-4634-A380-D51E7DD04F00}.Debug|Any CPU.Build.0 = Debug|Any CPU
		{E8267B79-B2CE-4634-A380-D51E7DD04F00}.Debug|x64.ActiveCfg = Debug|Any CPU
		{E8267B79-B2CE-4634-A380-D51E7DD04F00}.Debug|x64.Build.0 = Debug|Any CPU
		{E8267B79-B2CE-4634-A380-D51E7DD04F00}.Release|Any CPU.ActiveCfg = Release|Any CPU
		{E8267B79-B2CE-4634-A380-D51E7DD04F00}.Release|Any CPU.Build.0 = Release|Any CPU
		{E8267B79-B2CE-4634-A380-D51E7DD04F00}.Release|x64.ActiveCfg = Release|Any CPU
		{E8267B79-B2CE-4634-A380-D51E7DD04F00}.Release|x64.Build.0 = Release|Any CPU
		{267B6D13-1452-45F0-8741-5479020F2712}.Debug|Any CPU.ActiveCfg = Debug|Any CPU
		{267B6D13-1452-45F0-8741-5479020F2712}.Debug|Any CPU.Build.0 = Debug|Any CPU
		{267B6D13-1452-45F0-8741-5479020F2712}.Debug|x64.ActiveCfg = Debug|Any CPU
		{267B6D13-1452-45F0-8741-5479020F2712}.Debug|x64.Build.0 = Debug|Any CPU
		{267B6D13-1452-45F0-8741-5479020F2712}.Release|Any CPU.ActiveCfg = Release|Any CPU
		{267B6D13-1452-45F0-8741-5479020F2712}.Release|Any CPU.Build.0 = Release|Any CPU
		{267B6D13-1452-45F0-8741-5479020F2712}.Release|x64.ActiveCfg = Release|Any CPU
		{267B6D13-1452-45F0-8741-5479020F2712}.Release|x64.Build.0 = Release|Any CPU
		{213CBC14-EB94-4781-BA01-6C689B4F8B2B}.Debug|Any CPU.ActiveCfg = Debug|Any CPU
		{213CBC14-EB94-4781-BA01-6C689B4F8B2B}.Debug|Any CPU.Build.0 = Debug|Any CPU
		{213CBC14-EB94-4781-BA01-6C689B4F8B2B}.Debug|x64.ActiveCfg = Debug|Any CPU
		{213CBC14-EB94-4781-BA01-6C689B4F8B2B}.Debug|x64.Build.0 = Debug|Any CPU
		{213CBC14-EB94-4781-BA01-6C689B4F8B2B}.Release|Any CPU.ActiveCfg = Release|Any CPU
		{213CBC14-EB94-4781-BA01-6C689B4F8B2B}.Release|Any CPU.Build.0 = Release|Any CPU
		{213CBC14-EB94-4781-BA01-6C689B4F8B2B}.Release|x64.ActiveCfg = Release|Any CPU
		{213CBC14-EB94-4781-BA01-6C689B4F8B2B}.Release|x64.Build.0 = Release|Any CPU
		{D3BC4DCE-FF88-411A-9B23-951DDD2E649F}.Debug|Any CPU.ActiveCfg = Debug|Any CPU
		{D3BC4DCE-FF88-411A-9B23-951DDD2E649F}.Debug|Any CPU.Build.0 = Debug|Any CPU
		{D3BC4DCE-FF88-411A-9B23-951DDD2E649F}.Debug|x64.ActiveCfg = Debug|Any CPU
		{D3BC4DCE-FF88-411A-9B23-951DDD2E649F}.Debug|x64.Build.0 = Debug|Any CPU
		{D3BC4DCE-FF88-411A-9B23-951DDD2E649F}.Release|Any CPU.ActiveCfg = Release|Any CPU
		{D3BC4DCE-FF88-411A-9B23-951DDD2E649F}.Release|Any CPU.Build.0 = Release|Any CPU
		{D3BC4DCE-FF88-411A-9B23-951DDD2E649F}.Release|x64.ActiveCfg = Release|Any CPU
		{D3BC4DCE-FF88-411A-9B23-951DDD2E649F}.Release|x64.Build.0 = Release|Any CPU
		{694A0C22-3710-46D9-B268-0DB0734AFD63}.Debug|Any CPU.ActiveCfg = Debug|Any CPU
		{694A0C22-3710-46D9-B268-0DB0734AFD63}.Debug|Any CPU.Build.0 = Debug|Any CPU
		{694A0C22-3710-46D9-B268-0DB0734AFD63}.Debug|x64.ActiveCfg = Debug|Any CPU
		{694A0C22-3710-46D9-B268-0DB0734AFD63}.Debug|x64.Build.0 = Debug|Any CPU
		{694A0C22-3710-46D9-B268-0DB0734AFD63}.Release|Any CPU.ActiveCfg = Release|Any CPU
		{694A0C22-3710-46D9-B268-0DB0734AFD63}.Release|Any CPU.Build.0 = Release|Any CPU
		{694A0C22-3710-46D9-B268-0DB0734AFD63}.Release|x64.ActiveCfg = Release|Any CPU
		{694A0C22-3710-46D9-B268-0DB0734AFD63}.Release|x64.Build.0 = Release|Any CPU
		{0831CF27-B672-4E0E-98F9-534C750E2D0C}.Debug|Any CPU.ActiveCfg = Debug|Any CPU
		{0831CF27-B672-4E0E-98F9-534C750E2D0C}.Debug|Any CPU.Build.0 = Debug|Any CPU
		{0831CF27-B672-4E0E-98F9-534C750E2D0C}.Debug|x64.ActiveCfg = Debug|Any CPU
		{0831CF27-B672-4E0E-98F9-534C750E2D0C}.Debug|x64.Build.0 = Debug|Any CPU
		{0831CF27-B672-4E0E-98F9-534C750E2D0C}.Release|Any CPU.ActiveCfg = Release|Any CPU
		{0831CF27-B672-4E0E-98F9-534C750E2D0C}.Release|Any CPU.Build.0 = Release|Any CPU
		{0831CF27-B672-4E0E-98F9-534C750E2D0C}.Release|x64.ActiveCfg = Release|Any CPU
		{0831CF27-B672-4E0E-98F9-534C750E2D0C}.Release|x64.Build.0 = Release|Any CPU
		{65479F6F-4C97-4F59-9577-B3917AC8B18D}.Debug|Any CPU.ActiveCfg = Debug|Any CPU
		{65479F6F-4C97-4F59-9577-B3917AC8B18D}.Debug|Any CPU.Build.0 = Debug|Any CPU
		{65479F6F-4C97-4F59-9577-B3917AC8B18D}.Debug|x64.ActiveCfg = Debug|Any CPU
		{65479F6F-4C97-4F59-9577-B3917AC8B18D}.Debug|x64.Build.0 = Debug|Any CPU
		{65479F6F-4C97-4F59-9577-B3917AC8B18D}.Release|Any CPU.ActiveCfg = Release|Any CPU
		{65479F6F-4C97-4F59-9577-B3917AC8B18D}.Release|Any CPU.Build.0 = Release|Any CPU
		{65479F6F-4C97-4F59-9577-B3917AC8B18D}.Release|x64.ActiveCfg = Release|Any CPU
		{65479F6F-4C97-4F59-9577-B3917AC8B18D}.Release|x64.Build.0 = Release|Any CPU
	EndGlobalSection
	GlobalSection(SolutionProperties) = preSolution
		HideSolutionNode = FALSE
	EndGlobalSection
	GlobalSection(NestedProjects) = preSolution
		{5A96CBBE-45C3-49C2-BD36-2E0C1A05A585} = {D3029F00-8D95-40C1-92C1-3784FAC0CA85}
		{EDCCF5A0-46B3-42F0-94E8-C0ECABC04019} = {D3029F00-8D95-40C1-92C1-3784FAC0CA85}
		{267B6D13-1452-45F0-8741-5479020F2712} = {D3029F00-8D95-40C1-92C1-3784FAC0CA85}
		{213CBC14-EB94-4781-BA01-6C689B4F8B2B} = {6DB3E770-CD95-4763-899C-A6C8D2617B25}
		{D3BC4DCE-FF88-411A-9B23-951DDD2E649F} = {6DB3E770-CD95-4763-899C-A6C8D2617B25}
		{694A0C22-3710-46D9-B268-0DB0734AFD63} = {D3029F00-8D95-40C1-92C1-3784FAC0CA85}
		{0831CF27-B672-4E0E-98F9-534C750E2D0C} = {D3029F00-8D95-40C1-92C1-3784FAC0CA85}
		{65479F6F-4C97-4F59-9577-B3917AC8B18D} = {6DB3E770-CD95-4763-899C-A6C8D2617B25}
	EndGlobalSection
	GlobalSection(ExtensibilityGlobals) = postSolution
		SolutionGuid = {E7059E7A-6F25-4685-B940-1A30D11AA437}
	EndGlobalSection
EndGlobal
